
Microsoft Visual Studio Solution File, Format Version 12.00
# Visual Studio Version 17
VisualStudioVersion = 17.0.31903.59
MinimumVisualStudioVersion = 10.0.40219.1
Project("{FAE04EC0-301F-11D3-BF4B-00C04F79EFBC}") = "GilGoblin.Tests", "tests\GilGoblin.Tests.csproj", "{5FE9A6C2-85CD-4326-8175-7C396911D5E5}"
EndProject
Project("{2150E333-8FDC-42A3-9474-1A3956D46DE8}") = "src", "src", "{20C167A9-8025-4B80-AC2D-10F67DA96322}"
EndProject
Project("{FAE04EC0-301F-11D3-BF4B-00C04F79EFBC}") = "Api", "src\Api\Api.csproj", "{8C30C5D8-0F88-4F24-B877-9C57D9EDBA1E}"
EndProject
Project("{FAE04EC0-301F-11D3-BF4B-00C04F79EFBC}") = "Crafting", "src\Crafting\Crafting.csproj", "{76333644-BE39-4684-8CBA-4B33E665C68A}"
EndProject
Project("{FAE04EC0-301F-11D3-BF4B-00C04F79EFBC}") = "Database", "src\Database\Database.csproj", "{1525B081-4BD4-4A2D-99B8-4FA96F1FC679}"
EndProject
Project("{FAE04EC0-301F-11D3-BF4B-00C04F79EFBC}") = "Exceptions", "src\Exceptions\Exceptions.csproj", "{96526EDD-EDB1-453E-AE8F-2B4A8F7A6F10}"
EndProject
Project("{FAE04EC0-301F-11D3-BF4B-00C04F79EFBC}") = "Pocos", "src\Pocos\Pocos.csproj", "{6D1C24D5-A2B3-4224-A9EE-33ACE12B067E}"
EndProject
Project("{FAE04EC0-301F-11D3-BF4B-00C04F79EFBC}") = "Repository", "src\Repository\Repository.csproj", "{269F31C2-0F90-43CC-A280-B62427C6A298}"
EndProject
Project("{FAE04EC0-301F-11D3-BF4B-00C04F79EFBC}") = "Services", "src\Services\Services.csproj", "{B961BCB9-3F82-4B4F-974F-FF8DD1E67013}"
EndProject
Project("{FAE04EC0-301F-11D3-BF4B-00C04F79EFBC}") = "Fetcher", "src\Fetcher\Fetcher.csproj", "{79DDC3CD-75E0-4528-9346-69A50F1BF600}"
EndProject
Project("{FAE04EC0-301F-11D3-BF4B-00C04F79EFBC}") = "Controllers", "src\Controllers\Controllers.csproj", "{C6AE4B16-EA28-4EC0-9E5B-FCB8CD7BC516}"
EndProject
Project("{FAE04EC0-301F-11D3-BF4B-00C04F79EFBC}") = "Cache", "src\Cache\Cache.csproj", "{C31CBECE-1AFA-4D49-8F47-7E664F9B057C}"
EndProject
Project("{FAE04EC0-301F-11D3-BF4B-00C04F79EFBC}") = "DataUpdater", "src\DataUpdater\DataUpdater.csproj", "{5D27532A-E9CB-4BF9-8AD7-7063A0F60C22}"
EndProject
Global
	GlobalSection(SolutionConfigurationPlatforms) = preSolution
		Debug|Any CPU = Debug|Any CPU
		Release|Any CPU = Release|Any CPU
	EndGlobalSection
	GlobalSection(SolutionProperties) = preSolution
		HideSolutionNode = FALSE
	EndGlobalSection
	GlobalSection(ProjectConfigurationPlatforms) = postSolution
		{5FE9A6C2-85CD-4326-8175-7C396911D5E5}.Debug|Any CPU.ActiveCfg = Debug|Any CPU
		{5FE9A6C2-85CD-4326-8175-7C396911D5E5}.Debug|Any CPU.Build.0 = Debug|Any CPU
		{5FE9A6C2-85CD-4326-8175-7C396911D5E5}.Release|Any CPU.ActiveCfg = Release|Any CPU
		{5FE9A6C2-85CD-4326-8175-7C396911D5E5}.Release|Any CPU.Build.0 = Release|Any CPU
		{8C30C5D8-0F88-4F24-B877-9C57D9EDBA1E}.Debug|Any CPU.ActiveCfg = Debug|Any CPU
		{8C30C5D8-0F88-4F24-B877-9C57D9EDBA1E}.Debug|Any CPU.Build.0 = Debug|Any CPU
		{8C30C5D8-0F88-4F24-B877-9C57D9EDBA1E}.Release|Any CPU.ActiveCfg = Release|Any CPU
		{8C30C5D8-0F88-4F24-B877-9C57D9EDBA1E}.Release|Any CPU.Build.0 = Release|Any CPU
		{76333644-BE39-4684-8CBA-4B33E665C68A}.Debug|Any CPU.ActiveCfg = Debug|Any CPU
		{76333644-BE39-4684-8CBA-4B33E665C68A}.Debug|Any CPU.Build.0 = Debug|Any CPU
		{76333644-BE39-4684-8CBA-4B33E665C68A}.Release|Any CPU.ActiveCfg = Release|Any CPU
		{76333644-BE39-4684-8CBA-4B33E665C68A}.Release|Any CPU.Build.0 = Release|Any CPU
		{1525B081-4BD4-4A2D-99B8-4FA96F1FC679}.Debug|Any CPU.ActiveCfg = Debug|Any CPU
		{1525B081-4BD4-4A2D-99B8-4FA96F1FC679}.Debug|Any CPU.Build.0 = Debug|Any CPU
		{1525B081-4BD4-4A2D-99B8-4FA96F1FC679}.Release|Any CPU.ActiveCfg = Release|Any CPU
		{1525B081-4BD4-4A2D-99B8-4FA96F1FC679}.Release|Any CPU.Build.0 = Release|Any CPU
		{96526EDD-EDB1-453E-AE8F-2B4A8F7A6F10}.Debug|Any CPU.ActiveCfg = Debug|Any CPU
		{96526EDD-EDB1-453E-AE8F-2B4A8F7A6F10}.Debug|Any CPU.Build.0 = Debug|Any CPU
		{96526EDD-EDB1-453E-AE8F-2B4A8F7A6F10}.Release|Any CPU.ActiveCfg = Release|Any CPU
		{96526EDD-EDB1-453E-AE8F-2B4A8F7A6F10}.Release|Any CPU.Build.0 = Release|Any CPU
		{56D41699-DBF7-4AE9-8FED-6A6D85E8007B}.Debug|Any CPU.ActiveCfg = Debug|Any CPU
		{56D41699-DBF7-4AE9-8FED-6A6D85E8007B}.Debug|Any CPU.Build.0 = Debug|Any CPU
		{56D41699-DBF7-4AE9-8FED-6A6D85E8007B}.Release|Any CPU.ActiveCfg = Release|Any CPU
		{56D41699-DBF7-4AE9-8FED-6A6D85E8007B}.Release|Any CPU.Build.0 = Release|Any CPU
		{6D1C24D5-A2B3-4224-A9EE-33ACE12B067E}.Debug|Any CPU.ActiveCfg = Debug|Any CPU
		{6D1C24D5-A2B3-4224-A9EE-33ACE12B067E}.Debug|Any CPU.Build.0 = Debug|Any CPU
		{6D1C24D5-A2B3-4224-A9EE-33ACE12B067E}.Release|Any CPU.ActiveCfg = Release|Any CPU
		{6D1C24D5-A2B3-4224-A9EE-33ACE12B067E}.Release|Any CPU.Build.0 = Release|Any CPU
		{269F31C2-0F90-43CC-A280-B62427C6A298}.Debug|Any CPU.ActiveCfg = Debug|Any CPU
		{269F31C2-0F90-43CC-A280-B62427C6A298}.Debug|Any CPU.Build.0 = Debug|Any CPU
		{269F31C2-0F90-43CC-A280-B62427C6A298}.Release|Any CPU.ActiveCfg = Release|Any CPU
		{269F31C2-0F90-43CC-A280-B62427C6A298}.Release|Any CPU.Build.0 = Release|Any CPU
		{B961BCB9-3F82-4B4F-974F-FF8DD1E67013}.Debug|Any CPU.ActiveCfg = Debug|Any CPU
		{B961BCB9-3F82-4B4F-974F-FF8DD1E67013}.Debug|Any CPU.Build.0 = Debug|Any CPU
		{B961BCB9-3F82-4B4F-974F-FF8DD1E67013}.Release|Any CPU.ActiveCfg = Release|Any CPU
		{B961BCB9-3F82-4B4F-974F-FF8DD1E67013}.Release|Any CPU.Build.0 = Release|Any CPU
		{79DDC3CD-75E0-4528-9346-69A50F1BF600}.Debug|Any CPU.ActiveCfg = Debug|Any CPU
		{79DDC3CD-75E0-4528-9346-69A50F1BF600}.Debug|Any CPU.Build.0 = Debug|Any CPU
		{79DDC3CD-75E0-4528-9346-69A50F1BF600}.Release|Any CPU.ActiveCfg = Release|Any CPU
		{79DDC3CD-75E0-4528-9346-69A50F1BF600}.Release|Any CPU.Build.0 = Release|Any CPU
		{C6AE4B16-EA28-4EC0-9E5B-FCB8CD7BC516}.Debug|Any CPU.ActiveCfg = Debug|Any CPU
		{C6AE4B16-EA28-4EC0-9E5B-FCB8CD7BC516}.Debug|Any CPU.Build.0 = Debug|Any CPU
		{C6AE4B16-EA28-4EC0-9E5B-FCB8CD7BC516}.Release|Any CPU.ActiveCfg = Release|Any CPU
		{C6AE4B16-EA28-4EC0-9E5B-FCB8CD7BC516}.Release|Any CPU.Build.0 = Release|Any CPU
		{C31CBECE-1AFA-4D49-8F47-7E664F9B057C}.Debug|Any CPU.ActiveCfg = Debug|Any CPU
		{C31CBECE-1AFA-4D49-8F47-7E664F9B057C}.Debug|Any CPU.Build.0 = Debug|Any CPU
		{C31CBECE-1AFA-4D49-8F47-7E664F9B057C}.Release|Any CPU.ActiveCfg = Release|Any CPU
		{C31CBECE-1AFA-4D49-8F47-7E664F9B057C}.Release|Any CPU.Build.0 = Release|Any CPU
		{5D27532A-E9CB-4BF9-8AD7-7063A0F60C22}.Debug|Any CPU.ActiveCfg = Debug|Any CPU
		{5D27532A-E9CB-4BF9-8AD7-7063A0F60C22}.Debug|Any CPU.Build.0 = Debug|Any CPU
		{5D27532A-E9CB-4BF9-8AD7-7063A0F60C22}.Release|Any CPU.ActiveCfg = Release|Any CPU
		{5D27532A-E9CB-4BF9-8AD7-7063A0F60C22}.Release|Any CPU.Build.0 = Release|Any CPU
	EndGlobalSection
	GlobalSection(NestedProjects) = preSolution
		{8C30C5D8-0F88-4F24-B877-9C57D9EDBA1E} = {20C167A9-8025-4B80-AC2D-10F67DA96322}
		{76333644-BE39-4684-8CBA-4B33E665C68A} = {20C167A9-8025-4B80-AC2D-10F67DA96322}
		{1525B081-4BD4-4A2D-99B8-4FA96F1FC679} = {20C167A9-8025-4B80-AC2D-10F67DA96322}
		{96526EDD-EDB1-453E-AE8F-2B4A8F7A6F10} = {20C167A9-8025-4B80-AC2D-10F67DA96322}
		{6D1C24D5-A2B3-4224-A9EE-33ACE12B067E} = {20C167A9-8025-4B80-AC2D-10F67DA96322}
		{269F31C2-0F90-43CC-A280-B62427C6A298} = {20C167A9-8025-4B80-AC2D-10F67DA96322}
		{B961BCB9-3F82-4B4F-974F-FF8DD1E67013} = {20C167A9-8025-4B80-AC2D-10F67DA96322}
		{79DDC3CD-75E0-4528-9346-69A50F1BF600} = {20C167A9-8025-4B80-AC2D-10F67DA96322}
		{C6AE4B16-EA28-4EC0-9E5B-FCB8CD7BC516} = {20C167A9-8025-4B80-AC2D-10F67DA96322}
		{C31CBECE-1AFA-4D49-8F47-7E664F9B057C} = {20C167A9-8025-4B80-AC2D-10F67DA96322}
		{5D27532A-E9CB-4BF9-8AD7-7063A0F60C22} = {20C167A9-8025-4B80-AC2D-10F67DA96322}
	EndGlobalSection
EndGlobal
