
Microsoft Visual Studio Solution File, Format Version 12.00
# Visual Studio Version 17
VisualStudioVersion = 17.0.31903.59
MinimumVisualStudioVersion = 10.0.40219.1
Project("{FAE04EC0-301F-11D3-BF4B-00C04F79EFBC}") = "GilGoblin.Tests", "tests\GilGoblin.Tests.csproj", "{5FE9A6C2-85CD-4326-8175-7C396911D5E5}"
EndProject
Project("{2150E333-8FDC-42A3-9474-1A3956D46DE8}") = "src", "src", "{20C167A9-8025-4B80-AC2D-10F67DA96322}"
EndProject
Project("{FAE04EC0-301F-11D3-BF4B-00C04F79EFBC}") = "Api", "src\Api\Api.csproj", "{8C30C5D8-0F88-4F24-B877-9C57D9EDBA1E}"
EndProject
Project("{FAE04EC0-301F-11D3-BF4B-00C04F79EFBC}") = "Batcher", "src\Batcher\Batcher.csproj", "{B961BCB9-3F82-4B4F-974F-FF8DD1E67013}"
EndProject
Project("{FAE04EC0-301F-11D3-BF4B-00C04F79EFBC}") = "Fetcher", "src\Fetcher\Fetcher.csproj", "{79DDC3CD-75E0-4528-9346-69A50F1BF600}"
EndProject
Global
	GlobalSection(SolutionConfigurationPlatforms) = preSolution
		Debug|Any CPU = Debug|Any CPU
		Release|Any CPU = Release|Any CPU
	EndGlobalSection
	GlobalSection(SolutionProperties) = preSolution
		HideSolutionNode = FALSE
	EndGlobalSection
	GlobalSection(ProjectConfigurationPlatforms) = postSolution
		{5FE9A6C2-85CD-4326-8175-7C396911D5E5}.Debug|Any CPU.ActiveCfg = Debug|Any CPU
		{5FE9A6C2-85CD-4326-8175-7C396911D5E5}.Debug|Any CPU.Build.0 = Debug|Any CPU
		{5FE9A6C2-85CD-4326-8175-7C396911D5E5}.Release|Any CPU.ActiveCfg = Release|Any CPU
		{5FE9A6C2-85CD-4326-8175-7C396911D5E5}.Release|Any CPU.Build.0 = Release|Any CPU
		{8C30C5D8-0F88-4F24-B877-9C57D9EDBA1E}.Debug|Any CPU.ActiveCfg = Debug|Any CPU
		{8C30C5D8-0F88-4F24-B877-9C57D9EDBA1E}.Debug|Any CPU.Build.0 = Debug|Any CPU
		{8C30C5D8-0F88-4F24-B877-9C57D9EDBA1E}.Release|Any CPU.ActiveCfg = Release|Any CPU
		{8C30C5D8-0F88-4F24-B877-9C57D9EDBA1E}.Release|Any CPU.Build.0 = Release|Any CPU
		{56D41699-DBF7-4AE9-8FED-6A6D85E8007B}.Debug|Any CPU.ActiveCfg = Debug|Any CPU
		{56D41699-DBF7-4AE9-8FED-6A6D85E8007B}.Debug|Any CPU.Build.0 = Debug|Any CPU
		{56D41699-DBF7-4AE9-8FED-6A6D85E8007B}.Release|Any CPU.ActiveCfg = Release|Any CPU
		{56D41699-DBF7-4AE9-8FED-6A6D85E8007B}.Release|Any CPU.Build.0 = Release|Any CPU
		{B961BCB9-3F82-4B4F-974F-FF8DD1E67013}.Debug|Any CPU.ActiveCfg = Debug|Any CPU
		{B961BCB9-3F82-4B4F-974F-FF8DD1E67013}.Debug|Any CPU.Build.0 = Debug|Any CPU
		{B961BCB9-3F82-4B4F-974F-FF8DD1E67013}.Release|Any CPU.ActiveCfg = Release|Any CPU
		{B961BCB9-3F82-4B4F-974F-FF8DD1E67013}.Release|Any CPU.Build.0 = Release|Any CPU
		{79DDC3CD-75E0-4528-9346-69A50F1BF600}.Debug|Any CPU.ActiveCfg = Debug|Any CPU
		{79DDC3CD-75E0-4528-9346-69A50F1BF600}.Debug|Any CPU.Build.0 = Debug|Any CPU
		{79DDC3CD-75E0-4528-9346-69A50F1BF600}.Release|Any CPU.ActiveCfg = Release|Any CPU
		{79DDC3CD-75E0-4528-9346-69A50F1BF600}.Release|Any CPU.Build.0 = Release|Any CPU
	EndGlobalSection
	GlobalSection(NestedProjects) = preSolution
		{8C30C5D8-0F88-4F24-B877-9C57D9EDBA1E} = {20C167A9-8025-4B80-AC2D-10F67DA96322}
		{B961BCB9-3F82-4B4F-974F-FF8DD1E67013} = {20C167A9-8025-4B80-AC2D-10F67DA96322}
		{79DDC3CD-75E0-4528-9346-69A50F1BF600} = {20C167A9-8025-4B80-AC2D-10F67DA96322}
	EndGlobalSection
EndGlobal
